lockfileVersion: '6.0'

settings:
  autoInstallPeers: true
  excludeLinksFromLockfile: false

dependencies:
  '@freecodecamp/example':
    specifier: 1.1.0
    version: 1.1.0

packages:

  /@freecodecamp/example@1.1.0:
    resolution: {integrity: sha512-prU1lqFczSRXR/BsxLKHR2rQjYG5f+W13Iltf5uLK3iAOKgOuYxZ1cJSppzjhK82IpbM5MmhszoJIfR1q/pwPQ==}
    dev: false
